
Microsoft Visual Studio Solution File, Format Version 12.00
# Visual Studio Version 17
VisualStudioVersion = 17.11.35327.3
MinimumVisualStudioVersion = 10.0.40219.1
Project("{FAE04EC0-301F-11D3-BF4B-00C04F79EFBC}") = "APP_Sytem.API", "APP_Sytem.API\APP_Sytem.API.csproj", "{8823585F-FCB9-425E-A9DB-7FBB58F2BBBC}"
EndProject
Global
	GlobalSection(SolutionConfigurationPlatforms) = preSolution
		Debug|Any CPU = Debug|Any CPU
		Release|Any CPU = Release|Any CPU
	EndGlobalSection
	GlobalSection(ProjectConfigurationPlatforms) = postSolution
		{8823585F-FCB9-425E-A9DB-7FBB58F2BBBC}.Debug|Any CPU.ActiveCfg = Debug|Any CPU
		{8823585F-FCB9-425E-A9DB-7FBB58F2BBBC}.Debug|Any CPU.Build.0 = Debug|Any CPU
		{8823585F-FCB9-425E-A9DB-7FBB58F2BBBC}.Release|Any CPU.ActiveCfg = Release|Any CPU
		{8823585F-FCB9-425E-A9DB-7FBB58F2BBBC}.Release|Any CPU.Build.0 = Release|Any CPU
	EndGlobalSection
	GlobalSection(SolutionProperties) = preSolution
		HideSolutionNode = FALSE
	EndGlobalSection
	GlobalSection(ExtensibilityGlobals) = postSolution
		SolutionGuid = {73E90CA5-26E0-4EEE-85C0-4C513FA96920}
	EndGlobalSection
EndGlobal
